{
  "name": "hellocube",
  "version": "1.0.0",
  "lockfileVersion": 2,
  "requires": true,
  "packages": {
    "": {
      "name": "hellocube",
      "version": "1.0.0",
      "license": "ISC",
      "dependencies": {
        "three": "^0.135.0",
        "three.js": "^0.77.1"
      },
      "devDependencies": {}
    },
    "node_modules/three": {
      "version": "0.135.0",
      "resolved": "https://registry.npmjs.org/three/-/three-0.135.0.tgz",
      "integrity": "sha512-kuEpuuxRzLv0MDsXai9huCxOSQPZ4vje6y0gn80SRmQvgz6/+rI0NAvCRAw56zYaWKMGMfqKWsxF9Qa2Z9xymQ=="
    },
    "node_modules/three.js": {
      "version": "0.77.1",
      "resolved": "https://registry.npmjs.org/three.js/-/three.js-0.77.1.tgz",
      "integrity": "sha1-B4WKh0nktiejEIMlKi2Yd3bMoyo=",
      "dependencies": {
        "three": "0.77.0"
      }
    },
    "node_modules/three.js/node_modules/three": {
      "version": "0.77.0",
      "resolved": "https://registry.npmjs.org/three/-/three-0.77.0.tgz",
      "integrity": "sha1-iwsbAAR2ic6qAg1IClYspg2H/zc=",
      "engines": {
        "node": "*"
      }
    }
  },
  "dependencies": {
    "three": {
      "version": "0.135.0",
      "resolved": "https://registry.npmjs.org/three/-/three-0.135.0.tgz",
      "integrity": "sha512-kuEpuuxRzLv0MDsXai9huCxOSQPZ4vje6y0gn80SRmQvgz6/+rI0NAvCRAw56zYaWKMGMfqKWsxF9Qa2Z9xymQ=="
    },
    "three.js": {
      "version": "0.77.1",
      "resolved": "https://registry.npmjs.org/three.js/-/three.js-0.77.1.tgz",
      "integrity": "sha1-B4WKh0nktiejEIMlKi2Yd3bMoyo=",
      "requires": {
        "three": "0.77.0"
      },
      "dependencies": {
        "three": {
          "version": "0.77.0",
          "resolved": "https://registry.npmjs.org/three/-/three-0.77.0.tgz",
          "integrity": "sha1-iwsbAAR2ic6qAg1IClYspg2H/zc="
        }
      }
    }
  }
}
